
Microsoft Visual Studio Solution File, Format Version 12.00
# Visual Studio 14
VisualStudioVersion = 14.0.25420.1
MinimumVisualStudioVersion = 10.0.40219.1
Project("{FAE04EC0-301F-11D3-BF4B-00C04F79EFBC}") = "MaratonaXamarin_Modulo2.Android", "MaratonaXamarin_Modulo2\MaratonaXamarin_Modulo2.Android\MaratonaXamarin_Modulo2.Android.csproj", "{304ADB84-6CF4-457D-8A77-E9924438224E}"
EndProject
Project("{FAE04EC0-301F-11D3-BF4B-00C04F79EFBC}") = "MaratonaXamarin_Modulo2", "MaratonaXamarin_Modulo2\MaratonaXamarin_Modulo2\MaratonaXamarin_Modulo2.csproj", "{D875B791-7FCC-48A9-92F3-2BA771C34AD4}"
EndProject
Project("{FAE04EC0-301F-11D3-BF4B-00C04F79EFBC}") = "MaratonaXamarin_Modulo2.iOS", "MaratonaXamarin_Modulo2\MaratonaXamarin_Modulo2.iOS\MaratonaXamarin_Modulo2.iOS.csproj", "{2786026A-9EC1-490D-B1A5-F0E69F1D3A08}"
EndProject
Global
	GlobalSection(SolutionConfigurationPlatforms) = preSolution
		Ad-Hoc|Any CPU = Ad-Hoc|Any CPU
		Ad-Hoc|iPhone = Ad-Hoc|iPhone
		Ad-Hoc|iPhoneSimulator = Ad-Hoc|iPhoneSimulator
		AppStore|Any CPU = AppStore|Any CPU
		AppStore|iPhone = AppStore|iPhone
		AppStore|iPhoneSimulator = AppStore|iPhoneSimulator
		Debug|Any CPU = Debug|Any CPU
		Debug|iPhone = Debug|iPhone
		Debug|iPhoneSimulator = Debug|iPhoneSimulator
		Release|Any CPU = Release|Any CPU
		Release|iPhone = Release|iPhone
		Release|iPhoneSimulator = Release|iPhoneSimulator
	EndGlobalSection
	GlobalSection(ProjectConfigurationPlatforms) = postSolution
		{304ADB84-6CF4-457D-8A77-E9924438224E}.Ad-Hoc|Any CPU.ActiveCfg = Release|Any CPU
		{304ADB84-6CF4-457D-8A77-E9924438224E}.Ad-Hoc|Any CPU.Build.0 = Release|Any CPU
		{304ADB84-6CF4-457D-8A77-E9924438224E}.Ad-Hoc|Any CPU.Deploy.0 = Release|Any CPU
		{304ADB84-6CF4-457D-8A77-E9924438224E}.Ad-Hoc|iPhone.ActiveCfg = Release|Any CPU
		{304ADB84-6CF4-457D-8A77-E9924438224E}.Ad-Hoc|iPhone.Build.0 = Release|Any CPU
		{304ADB84-6CF4-457D-8A77-E9924438224E}.Ad-Hoc|iPhone.Deploy.0 = Release|Any CPU
		{304ADB84-6CF4-457D-8A77-E9924438224E}.Ad-Hoc|iPhoneSimulator.ActiveCfg = Release|Any CPU
		{304ADB84-6CF4-457D-8A77-E9924438224E}.Ad-Hoc|iPhoneSimulator.Build.0 = Release|Any CPU
		{304ADB84-6CF4-457D-8A77-E9924438224E}.Ad-Hoc|iPhoneSimulator.Deploy.0 = Release|Any CPU
		{304ADB84-6CF4-457D-8A77-E9924438224E}.AppStore|Any CPU.ActiveCfg = Release|Any CPU
		{304ADB84-6CF4-457D-8A77-E9924438224E}.AppStore|Any CPU.Build.0 = Release|Any CPU
		{304ADB84-6CF4-457D-8A77-E9924438224E}.AppStore|Any CPU.Deploy.0 = Release|Any CPU
		{304ADB84-6CF4-457D-8A77-E9924438224E}.AppStore|iPhone.ActiveCfg = Release|Any CPU
		{304ADB84-6CF4-457D-8A77-E9924438224E}.AppStore|iPhone.Build.0 = Release|Any CPU
		{304ADB84-6CF4-457D-8A77-E9924438224E}.AppStore|iPhone.Deploy.0 = Release|Any CPU
		{304ADB84-6CF4-457D-8A77-E9924438224E}.AppStore|iPhoneSimulator.ActiveCfg = Release|Any CPU
		{304ADB84-6CF4-457D-8A77-E9924438224E}.AppStore|iPhoneSimulator.Build.0 = Release|Any CPU
		{304ADB84-6CF4-457D-8A77-E9924438224E}.AppStore|iPhoneSimulator.Deploy.0 = Release|Any CPU
		{304ADB84-6CF4-457D-8A77-E9924438224E}.Debug|Any CPU.ActiveCfg = Debug|Any CPU
		{304ADB84-6CF4-457D-8A77-E9924438224E}.Debug|Any CPU.Build.0 = Debug|Any CPU
		{304ADB84-6CF4-457D-8A77-E9924438224E}.Debug|Any CPU.Deploy.0 = Debug|Any CPU
		{304ADB84-6CF4-457D-8A77-E9924438224E}.Debug|iPhone.ActiveCfg = Debug|Any CPU
		{304ADB84-6CF4-457D-8A77-E9924438224E}.Debug|iPhone.Build.0 = Debug|Any CPU
		{304ADB84-6CF4-457D-8A77-E9924438224E}.Debug|iPhone.Deploy.0 = Debug|Any CPU
		{304ADB84-6CF4-457D-8A77-E9924438224E}.Debug|iPhoneSimulator.ActiveCfg = Debug|Any CPU
		{304ADB84-6CF4-457D-8A77-E9924438224E}.Debug|iPhoneSimulator.Build.0 = Debug|Any CPU
		{304ADB84-6CF4-457D-8A77-E9924438224E}.Debug|iPhoneSimulator.Deploy.0 = Debug|Any CPU
		{304ADB84-6CF4-457D-8A77-E9924438224E}.Release|Any CPU.ActiveCfg = Release|Any CPU
		{304ADB84-6CF4-457D-8A77-E9924438224E}.Release|Any CPU.Build.0 = Release|Any CPU
		{304ADB84-6CF4-457D-8A77-E9924438224E}.Release|Any CPU.Deploy.0 = Release|Any CPU
		{304ADB84-6CF4-457D-8A77-E9924438224E}.Release|iPhone.ActiveCfg = Release|Any CPU
		{304ADB84-6CF4-457D-8A77-E9924438224E}.Release|iPhone.Build.0 = Release|Any CPU
		{304ADB84-6CF4-457D-8A77-E9924438224E}.Release|iPhone.Deploy.0 = Release|Any CPU
		{304ADB84-6CF4-457D-8A77-E9924438224E}.Release|iPhoneSimulator.ActiveCfg = Release|Any CPU
		{304ADB84-6CF4-457D-8A77-E9924438224E}.Release|iPhoneSimulator.Build.0 = Release|Any CPU
		{304ADB84-6CF4-457D-8A77-E9924438224E}.Release|iPhoneSimulator.Deploy.0 = Release|Any CPU
		{D875B791-7FCC-48A9-92F3-2BA771C34AD4}.Ad-Hoc|Any CPU.ActiveCfg = Release|Any CPU
		{D875B791-7FCC-48A9-92F3-2BA771C34AD4}.Ad-Hoc|Any CPU.Build.0 = Release|Any CPU
		{D875B791-7FCC-48A9-92F3-2BA771C34AD4}.Ad-Hoc|iPhone.ActiveCfg = Release|Any CPU
		{D875B791-7FCC-48A9-92F3-2BA771C34AD4}.Ad-Hoc|iPhone.Build.0 = Release|Any CPU
		{D875B791-7FCC-48A9-92F3-2BA771C34AD4}.Ad-Hoc|iPhoneSimulator.ActiveCfg = Release|Any CPU
		{D875B791-7FCC-48A9-92F3-2BA771C34AD4}.Ad-Hoc|iPhoneSimulator.Build.0 = Release|Any CPU
		{D875B791-7FCC-48A9-92F3-2BA771C34AD4}.AppStore|Any CPU.ActiveCfg = Release|Any CPU
		{D875B791-7FCC-48A9-92F3-2BA771C34AD4}.AppStore|Any CPU.Build.0 = Release|Any CPU
		{D875B791-7FCC-48A9-92F3-2BA771C34AD4}.AppStore|iPhone.ActiveCfg = Release|Any CPU
		{D875B791-7FCC-48A9-92F3-2BA771C34AD4}.AppStore|iPhone.Build.0 = Release|Any CPU
		{D875B791-7FCC-48A9-92F3-2BA771C34AD4}.AppStore|iPhoneSimulator.ActiveCfg = Release|Any CPU
		{D875B791-7FCC-48A9-92F3-2BA771C34AD4}.AppStore|iPhoneSimulator.Build.0 = Release|Any CPU
		{D875B791-7FCC-48A9-92F3-2BA771C34AD4}.Debug|Any CPU.ActiveCfg = Debug|Any CPU
		{D875B791-7FCC-48A9-92F3-2BA771C34AD4}.Debug|Any CPU.Build.0 = Debug|Any CPU
		{D875B791-7FCC-48A9-92F3-2BA771C34AD4}.Debug|iPhone.ActiveCfg = Debug|Any CPU
		{D875B791-7FCC-48A9-92F3-2BA771C34AD4}.Debug|iPhone.Build.0 = Debug|Any CPU
		{D875B791-7FCC-48A9-92F3-2BA771C34AD4}.Debug|iPhoneSimulator.ActiveCfg = Debug|Any CPU
		{D875B791-7FCC-48A9-92F3-2BA771C34AD4}.Debug|iPhoneSimulator.Build.0 = Debug|Any CPU
		{D875B791-7FCC-48A9-92F3-2BA771C34AD4}.Release|Any CPU.ActiveCfg = Release|Any CPU
		{D875B791-7FCC-48A9-92F3-2BA771C34AD4}.Release|Any CPU.Build.0 = Release|Any CPU
		{D875B791-7FCC-48A9-92F3-2BA771C34AD4}.Release|iPhone.ActiveCfg = Release|Any CPU
		{D875B791-7FCC-48A9-92F3-2BA771C34AD4}.Release|iPhone.Build.0 = Release|Any CPU
		{D875B791-7FCC-48A9-92F3-2BA771C34AD4}.Release|iPhoneSimulator.ActiveCfg = Release|Any CPU
		{D875B791-7FCC-48A9-92F3-2BA771C34AD4}.Release|iPhoneSimulator.Build.0 = Release|Any CPU
		{2786026A-9EC1-490D-B1A5-F0E69F1D3A08}.Ad-Hoc|Any CPU.ActiveCfg = Ad-Hoc|iPhone
		{2786026A-9EC1-490D-B1A5-F0E69F1D3A08}.Ad-Hoc|iPhone.ActiveCfg = Ad-Hoc|iPhone
		{2786026A-9EC1-490D-B1A5-F0E69F1D3A08}.Ad-Hoc|iPhone.Build.0 = Ad-Hoc|iPhone
		{2786026A-9EC1-490D-B1A5-F0E69F1D3A08}.Ad-Hoc|iPhoneSimulator.ActiveCfg = Ad-Hoc|iPhoneSimulator
		{2786026A-9EC1-490D-B1A5-F0E69F1D3A08}.Ad-Hoc|iPhoneSimulator.Build.0 = Ad-Hoc|iPhoneSimulator
		{2786026A-9EC1-490D-B1A5-F0E69F1D3A08}.AppStore|Any CPU.ActiveCfg = AppStore|iPhone
		{2786026A-9EC1-490D-B1A5-F0E69F1D3A08}.AppStore|iPhone.ActiveCfg = AppStore|iPhone
		{2786026A-9EC1-490D-B1A5-F0E69F1D3A08}.AppStore|iPhone.Build.0 = AppStore|iPhone
		{2786026A-9EC1-490D-B1A5-F0E69F1D3A08}.AppStore|iPhoneSimulator.ActiveCfg = AppStore|iPhoneSimulator
		{2786026A-9EC1-490D-B1A5-F0E69F1D3A08}.AppStore|iPhoneSimulator.Build.0 = AppStore|iPhoneSimulator
		{2786026A-9EC1-490D-B1A5-F0E69F1D3A08}.Debug|Any CPU.ActiveCfg = Debug|iPhone
		{2786026A-9EC1-490D-B1A5-F0E69F1D3A08}.Debug|iPhone.ActiveCfg = Debug|iPhone
		{2786026A-9EC1-490D-B1A5-F0E69F1D3A08}.Debug|iPhone.Build.0 = Debug|iPhone
		{2786026A-9EC1-490D-B1A5-F0E69F1D3A08}.Debug|iPhoneSimulator.ActiveCfg = Debug|iPhoneSimulator
		{2786026A-9EC1-490D-B1A5-F0E69F1D3A08}.Debug|iPhoneSimulator.Build.0 = Debug|iPhoneSimulator
		{2786026A-9EC1-490D-B1A5-F0E69F1D3A08}.Release|Any CPU.ActiveCfg = Release|iPhone
		{2786026A-9EC1-490D-B1A5-F0E69F1D3A08}.Release|iPhone.ActiveCfg = Release|iPhone
		{2786026A-9EC1-490D-B1A5-F0E69F1D3A08}.Release|iPhone.Build.0 = Release|iPhone
		{2786026A-9EC1-490D-B1A5-F0E69F1D3A08}.Release|iPhoneSimulator.ActiveCfg = Release|iPhoneSimulator
		{2786026A-9EC1-490D-B1A5-F0E69F1D3A08}.Release|iPhoneSimulator.Build.0 = Release|iPhoneSimulator
	EndGlobalSection
	GlobalSection(SolutionProperties) = preSolution
		HideSolutionNode = FALSE
	EndGlobalSection
EndGlobal
